
Microsoft Visual Studio Solution File, Format Version 12.00
# Visual Studio Version 17
VisualStudioVersion = 17.5.33516.290
MinimumVisualStudioVersion = 10.0.40219.1
Project("{FAE04EC0-301F-11D3-BF4B-00C04F79EFBC}") = "lab08.Android", "lab08\lab08.Android\lab08.Android.csproj", "{2C1D9DCA-5E29-4ECF-A29F-C130893A769A}"
EndProject
Project("{FAE04EC0-301F-11D3-BF4B-00C04F79EFBC}") = "lab08.iOS", "lab08\lab08.iOS\lab08.iOS.csproj", "{0DDE1AA5-AFBD-4C26-B279-C60BD4722FF9}"
EndProject
Project("{FAE04EC0-301F-11D3-BF4B-00C04F79EFBC}") = "lab08", "lab08\lab08\lab08.csproj", "{48CABEE7-887A-499F-8473-FFD1D98B0A8F}"
EndProject
Global
	GlobalSection(SolutionConfigurationPlatforms) = preSolution
		Debug|Any CPU = Debug|Any CPU
		Debug|iPhone = Debug|iPhone
		Debug|iPhoneSimulator = Debug|iPhoneSimulator
		Release|Any CPU = Release|Any CPU
		Release|iPhone = Release|iPhone
		Release|iPhoneSimulator = Release|iPhoneSimulator
	EndGlobalSection
	GlobalSection(ProjectConfigurationPlatforms) = postSolution
		{2C1D9DCA-5E29-4ECF-A29F-C130893A769A}.Debug|Any CPU.ActiveCfg = Debug|Any CPU
		{2C1D9DCA-5E29-4ECF-A29F-C130893A769A}.Debug|Any CPU.Build.0 = Debug|Any CPU
		{2C1D9DCA-5E29-4ECF-A29F-C130893A769A}.Debug|Any CPU.Deploy.0 = Debug|Any CPU
		{2C1D9DCA-5E29-4ECF-A29F-C130893A769A}.Debug|iPhone.ActiveCfg = Debug|Any CPU
		{2C1D9DCA-5E29-4ECF-A29F-C130893A769A}.Debug|iPhone.Build.0 = Debug|Any CPU
		{2C1D9DCA-5E29-4ECF-A29F-C130893A769A}.Debug|iPhone.Deploy.0 = Debug|Any CPU
		{2C1D9DCA-5E29-4ECF-A29F-C130893A769A}.Debug|iPhoneSimulator.ActiveCfg = Debug|Any CPU
		{2C1D9DCA-5E29-4ECF-A29F-C130893A769A}.Debug|iPhoneSimulator.Build.0 = Debug|Any CPU
		{2C1D9DCA-5E29-4ECF-A29F-C130893A769A}.Debug|iPhoneSimulator.Deploy.0 = Debug|Any CPU
		{2C1D9DCA-5E29-4ECF-A29F-C130893A769A}.Release|Any CPU.ActiveCfg = Release|Any CPU
		{2C1D9DCA-5E29-4ECF-A29F-C130893A769A}.Release|Any CPU.Build.0 = Release|Any CPU
		{2C1D9DCA-5E29-4ECF-A29F-C130893A769A}.Release|Any CPU.Deploy.0 = Release|Any CPU
		{2C1D9DCA-5E29-4ECF-A29F-C130893A769A}.Release|iPhone.ActiveCfg = Release|Any CPU
		{2C1D9DCA-5E29-4ECF-A29F-C130893A769A}.Release|iPhone.Build.0 = Release|Any CPU
		{2C1D9DCA-5E29-4ECF-A29F-C130893A769A}.Release|iPhone.Deploy.0 = Release|Any CPU
		{2C1D9DCA-5E29-4ECF-A29F-C130893A769A}.Release|iPhoneSimulator.ActiveCfg = Release|Any CPU
		{2C1D9DCA-5E29-4ECF-A29F-C130893A769A}.Release|iPhoneSimulator.Build.0 = Release|Any CPU
		{2C1D9DCA-5E29-4ECF-A29F-C130893A769A}.Release|iPhoneSimulator.Deploy.0 = Release|Any CPU
		{0DDE1AA5-AFBD-4C26-B279-C60BD4722FF9}.Debug|Any CPU.ActiveCfg = Debug|iPhone
		{0DDE1AA5-AFBD-4C26-B279-C60BD4722FF9}.Debug|Any CPU.Build.0 = Debug|iPhone
		{0DDE1AA5-AFBD-4C26-B279-C60BD4722FF9}.Debug|Any CPU.Deploy.0 = Debug|iPhone
		{0DDE1AA5-AFBD-4C26-B279-C60BD4722FF9}.Debug|iPhone.ActiveCfg = Debug|iPhone
		{0DDE1AA5-AFBD-4C26-B279-C60BD4722FF9}.Debug|iPhone.Build.0 = Debug|iPhone
		{0DDE1AA5-AFBD-4C26-B279-C60BD4722FF9}.Debug|iPhone.Deploy.0 = Debug|iPhone
		{0DDE1AA5-AFBD-4C26-B279-C60BD4722FF9}.Debug|iPhoneSimulator.ActiveCfg = Debug|iPhoneSimulator
		{0DDE1AA5-AFBD-4C26-B279-C60BD4722FF9}.Debug|iPhoneSimulator.Build.0 = Debug|iPhoneSimulator
		{0DDE1AA5-AFBD-4C26-B279-C60BD4722FF9}.Debug|iPhoneSimulator.Deploy.0 = Debug|iPhoneSimulator
		{0DDE1AA5-AFBD-4C26-B279-C60BD4722FF9}.Release|Any CPU.ActiveCfg = Release|iPhoneSimulator
		{0DDE1AA5-AFBD-4C26-B279-C60BD4722FF9}.Release|Any CPU.Build.0 = Release|iPhoneSimulator
		{0DDE1AA5-AFBD-4C26-B279-C60BD4722FF9}.Release|Any CPU.Deploy.0 = Release|iPhoneSimulator
		{0DDE1AA5-AFBD-4C26-B279-C60BD4722FF9}.Release|iPhone.ActiveCfg = Release|iPhone
		{0DDE1AA5-AFBD-4C26-B279-C60BD4722FF9}.Release|iPhone.Build.0 = Release|iPhone
		{0DDE1AA5-AFBD-4C26-B279-C60BD4722FF9}.Release|iPhone.Deploy.0 = Release|iPhone
		{0DDE1AA5-AFBD-4C26-B279-C60BD4722FF9}.Release|iPhoneSimulator.ActiveCfg = Release|iPhoneSimulator
		{0DDE1AA5-AFBD-4C26-B279-C60BD4722FF9}.Release|iPhoneSimulator.Build.0 = Release|iPhoneSimulator
		{0DDE1AA5-AFBD-4C26-B279-C60BD4722FF9}.Release|iPhoneSimulator.Deploy.0 = Release|iPhoneSimulator
		{48CABEE7-887A-499F-8473-FFD1D98B0A8F}.Debug|Any CPU.ActiveCfg = Debug|Any CPU
		{48CABEE7-887A-499F-8473-FFD1D98B0A8F}.Debug|Any CPU.Build.0 = Debug|Any CPU
		{48CABEE7-887A-499F-8473-FFD1D98B0A8F}.Debug|Any CPU.Deploy.0 = Debug|Any CPU
		{48CABEE7-887A-499F-8473-FFD1D98B0A8F}.Debug|iPhone.ActiveCfg = Debug|Any CPU
		{48CABEE7-887A-499F-8473-FFD1D98B0A8F}.Debug|iPhone.Build.0 = Debug|Any CPU
		{48CABEE7-887A-499F-8473-FFD1D98B0A8F}.Debug|iPhone.Deploy.0 = Debug|Any CPU
		{48CABEE7-887A-499F-8473-FFD1D98B0A8F}.Debug|iPhoneSimulator.ActiveCfg = Debug|Any CPU
		{48CABEE7-887A-499F-8473-FFD1D98B0A8F}.Debug|iPhoneSimulator.Build.0 = Debug|Any CPU
		{48CABEE7-887A-499F-8473-FFD1D98B0A8F}.Debug|iPhoneSimulator.Deploy.0 = Debug|Any CPU
		{48CABEE7-887A-499F-8473-FFD1D98B0A8F}.Release|Any CPU.ActiveCfg = Release|Any CPU
		{48CABEE7-887A-499F-8473-FFD1D98B0A8F}.Release|Any CPU.Build.0 = Release|Any CPU
		{48CABEE7-887A-499F-8473-FFD1D98B0A8F}.Release|Any CPU.Deploy.0 = Release|Any CPU
		{48CABEE7-887A-499F-8473-FFD1D98B0A8F}.Release|iPhone.ActiveCfg = Release|Any CPU
		{48CABEE7-887A-499F-8473-FFD1D98B0A8F}.Release|iPhone.Build.0 = Release|Any CPU
		{48CABEE7-887A-499F-8473-FFD1D98B0A8F}.Release|iPhone.Deploy.0 = Release|Any CPU
		{48CABEE7-887A-499F-8473-FFD1D98B0A8F}.Release|iPhoneSimulator.ActiveCfg = Release|Any CPU
		{48CABEE7-887A-499F-8473-FFD1D98B0A8F}.Release|iPhoneSimulator.Build.0 = Release|Any CPU
		{48CABEE7-887A-499F-8473-FFD1D98B0A8F}.Release|iPhoneSimulator.Deploy.0 = Release|Any CPU
	EndGlobalSection
	GlobalSection(SolutionProperties) = preSolution
		HideSolutionNode = FALSE
	EndGlobalSection
	GlobalSection(ExtensibilityGlobals) = postSolution
		SolutionGuid = {6AD6CBA8-2A5F-41EE-A658-669357333391}
	EndGlobalSection
EndGlobal
